
Microsoft Visual Studio Solution File, Format Version 12.00
# Visual Studio Version 17
VisualStudioVersion = 17.12.35728.132
MinimumVisualStudioVersion = 10.0.40219.1
Project("{00D1A9C2-B5F0-4AF3-8072-F6C62B433612}") = "DB_Epreuve", "DB_Epreuve\DB_Epreuve.sqlproj", "{E1E2AD7D-13DA-41B7-AC59-4E296C14DD0B}"
EndProject
Project("{FAE04EC0-301F-11D3-BF4B-00C04F79EFBC}") = "DAL", "DAL\DAL.csproj", "{C407FF62-448A-406A-ABD5-43B493B9993E}"
EndProject
Project("{FAE04EC0-301F-11D3-BF4B-00C04F79EFBC}") = "Common", "Common\Common.csproj", "{79231A07-0C24-469B-9328-F70B1EAC019C}"
EndProject
Project("{FAE04EC0-301F-11D3-BF4B-00C04F79EFBC}") = "BLL", "BLL\BLL.csproj", "{0A9CE27A-A12D-483E-BD6B-85C520E1654E}"
EndProject
Project("{FAE04EC0-301F-11D3-BF4B-00C04F79EFBC}") = "ASP-MVC", "ASP-MVC\ASP-MVC.csproj", "{E79C6F8A-B3CB-420C-985F-3D65CA6090BA}"
EndProject
Global
	GlobalSection(SolutionConfigurationPlatforms) = preSolution
		Debug|Any CPU = Debug|Any CPU
		Release|Any CPU = Release|Any CPU
	EndGlobalSection
	GlobalSection(ProjectConfigurationPlatforms) = postSolution
		{E1E2AD7D-13DA-41B7-AC59-4E296C14DD0B}.Debug|Any CPU.ActiveCfg = Debug|Any CPU
		{E1E2AD7D-13DA-41B7-AC59-4E296C14DD0B}.Debug|Any CPU.Build.0 = Debug|Any CPU
		{E1E2AD7D-13DA-41B7-AC59-4E296C14DD0B}.Debug|Any CPU.Deploy.0 = Debug|Any CPU
		{E1E2AD7D-13DA-41B7-AC59-4E296C14DD0B}.Release|Any CPU.ActiveCfg = Release|Any CPU
		{E1E2AD7D-13DA-41B7-AC59-4E296C14DD0B}.Release|Any CPU.Build.0 = Release|Any CPU
		{E1E2AD7D-13DA-41B7-AC59-4E296C14DD0B}.Release|Any CPU.Deploy.0 = Release|Any CPU
		{C407FF62-448A-406A-ABD5-43B493B9993E}.Debug|Any CPU.ActiveCfg = Debug|Any CPU
		{C407FF62-448A-406A-ABD5-43B493B9993E}.Debug|Any CPU.Build.0 = Debug|Any CPU
		{C407FF62-448A-406A-ABD5-43B493B9993E}.Release|Any CPU.ActiveCfg = Release|Any CPU
		{C407FF62-448A-406A-ABD5-43B493B9993E}.Release|Any CPU.Build.0 = Release|Any CPU
		{79231A07-0C24-469B-9328-F70B1EAC019C}.Debug|Any CPU.ActiveCfg = Debug|Any CPU
		{79231A07-0C24-469B-9328-F70B1EAC019C}.Debug|Any CPU.Build.0 = Debug|Any CPU
		{79231A07-0C24-469B-9328-F70B1EAC019C}.Release|Any CPU.ActiveCfg = Release|Any CPU
		{79231A07-0C24-469B-9328-F70B1EAC019C}.Release|Any CPU.Build.0 = Release|Any CPU
		{0A9CE27A-A12D-483E-BD6B-85C520E1654E}.Debug|Any CPU.ActiveCfg = Debug|Any CPU
		{0A9CE27A-A12D-483E-BD6B-85C520E1654E}.Debug|Any CPU.Build.0 = Debug|Any CPU
		{0A9CE27A-A12D-483E-BD6B-85C520E1654E}.Release|Any CPU.ActiveCfg = Release|Any CPU
		{0A9CE27A-A12D-483E-BD6B-85C520E1654E}.Release|Any CPU.Build.0 = Release|Any CPU
		{E79C6F8A-B3CB-420C-985F-3D65CA6090BA}.Debug|Any CPU.ActiveCfg = Debug|Any CPU
		{E79C6F8A-B3CB-420C-985F-3D65CA6090BA}.Debug|Any CPU.Build.0 = Debug|Any CPU
		{E79C6F8A-B3CB-420C-985F-3D65CA6090BA}.Release|Any CPU.ActiveCfg = Release|Any CPU
		{E79C6F8A-B3CB-420C-985F-3D65CA6090BA}.Release|Any CPU.Build.0 = Release|Any CPU
	EndGlobalSection
	GlobalSection(SolutionProperties) = preSolution
		HideSolutionNode = FALSE
	EndGlobalSection
EndGlobal
